
Microsoft Visual Studio Solution File, Format Version 12.00
# Visual Studio Version 17
VisualStudioVersion = 17.14.36301.6
MinimumVisualStudioVersion = 10.0.40219.1
Project("{FAE04EC0-301F-11D3-BF4B-00C04F79EFBC}") = "Runic.Dotnet.AssemblyLoader", "src\Runic.Dotnet.AssemblyLoader.csproj", "{04E79796-FAC4-4B87-8769-5E12E0B32F4D}"
EndProject
Project("{2150E333-8FDC-42A3-9474-1A3956D46DE8}") = "Build", "Build", "{02EA681E-C7D8-13C7-8484-4AC65E1B71E8}"
EndProject
Project("{2150E333-8FDC-42A3-9474-1A3956D46DE8}") = "Net48", "Net48", "{FDEACC57-A2D9-4F2B-A2F2-CA90983944E9}"
EndProject
Project("{FAE04EC0-301F-11D3-BF4B-00C04F79EFBC}") = "Runic.Dotnet.AssemblyLoader.Net48", "build\net48\Runic.Dotnet.AssemblyLoader.Net48.csproj", "{02261E0D-0FA8-4BF8-A0E7-434A789803EB}"
EndProject
Project("{2150E333-8FDC-42A3-9474-1A3956D46DE8}") = "Net6", "Net6", "{BF7A64CD-2FB2-4298-AF7A-43A4EEACF2F0}"
EndProject
Project("{FAE04EC0-301F-11D3-BF4B-00C04F79EFBC}") = "Runic.Dotnet.AssemblyLoader.Net6", "build\net6\Runic.Dotnet.AssemblyLoader.Net6.csproj", "{78806233-18F7-4532-B052-2CB1122929E8}"
EndProject
Project("{2150E333-8FDC-42A3-9474-1A3956D46DE8}") = "Net8", "Net8", "{60BA54E4-A6AE-476F-BAC7-A1AC8BE38DE5}"
EndProject
Project("{FAE04EC0-301F-11D3-BF4B-00C04F79EFBC}") = "Runic.Dotnet.AssemblyLoader.Net8", "build\net8\Runic.Dotnet.AssemblyLoader.Net8.csproj", "{82243DA7-A834-43F7-891C-D76FACAE15D9}"
EndProject
Project("{2150E333-8FDC-42A3-9474-1A3956D46DE8}") = "Nuget", "Nuget", "{EF7564EF-DD27-4E42-8FC5-CE5042810DB8}"
EndProject
Project("{FAE04EC0-301F-11D3-BF4B-00C04F79EFBC}") = "Runic.Dotnet.AssemblyLoader.Nuget", "build\nuget\Runic.Dotnet.AssemblyLoader.Nuget.csproj", "{8AD3164B-8414-4C39-95C7-E4BA181278C6}"
	ProjectSection(ProjectDependencies) = postProject
		{78806233-18F7-4532-B052-2CB1122929E8} = {78806233-18F7-4532-B052-2CB1122929E8}
		{02261E0D-0FA8-4BF8-A0E7-434A789803EB} = {02261E0D-0FA8-4BF8-A0E7-434A789803EB}
		{82243DA7-A834-43F7-891C-D76FACAE15D9} = {82243DA7-A834-43F7-891C-D76FACAE15D9}
	EndProjectSection
EndProject
Global
	GlobalSection(SolutionConfigurationPlatforms) = preSolution
		Debug|Any CPU = Debug|Any CPU
		Release|Any CPU = Release|Any CPU
	EndGlobalSection
	GlobalSection(ProjectConfigurationPlatforms) = postSolution
		{04E79796-FAC4-4B87-8769-5E12E0B32F4D}.Debug|Any CPU.ActiveCfg = Debug|Any CPU
		{04E79796-FAC4-4B87-8769-5E12E0B32F4D}.Debug|Any CPU.Build.0 = Debug|Any CPU
		{04E79796-FAC4-4B87-8769-5E12E0B32F4D}.Release|Any CPU.ActiveCfg = Release|Any CPU
		{04E79796-FAC4-4B87-8769-5E12E0B32F4D}.Release|Any CPU.Build.0 = Release|Any CPU
		{02261E0D-0FA8-4BF8-A0E7-434A789803EB}.Debug|Any CPU.ActiveCfg = Debug|Any CPU
		{02261E0D-0FA8-4BF8-A0E7-434A789803EB}.Debug|Any CPU.Build.0 = Debug|Any CPU
		{02261E0D-0FA8-4BF8-A0E7-434A789803EB}.Release|Any CPU.ActiveCfg = Release|Any CPU
		{02261E0D-0FA8-4BF8-A0E7-434A789803EB}.Release|Any CPU.Build.0 = Release|Any CPU
		{78806233-18F7-4532-B052-2CB1122929E8}.Debug|Any CPU.ActiveCfg = Debug|Any CPU
		{78806233-18F7-4532-B052-2CB1122929E8}.Debug|Any CPU.Build.0 = Debug|Any CPU
		{78806233-18F7-4532-B052-2CB1122929E8}.Release|Any CPU.ActiveCfg = Release|Any CPU
		{78806233-18F7-4532-B052-2CB1122929E8}.Release|Any CPU.Build.0 = Release|Any CPU
		{82243DA7-A834-43F7-891C-D76FACAE15D9}.Debug|Any CPU.ActiveCfg = Debug|Any CPU
		{82243DA7-A834-43F7-891C-D76FACAE15D9}.Debug|Any CPU.Build.0 = Debug|Any CPU
		{82243DA7-A834-43F7-891C-D76FACAE15D9}.Release|Any CPU.ActiveCfg = Release|Any CPU
		{82243DA7-A834-43F7-891C-D76FACAE15D9}.Release|Any CPU.Build.0 = Release|Any CPU
		{8AD3164B-8414-4C39-95C7-E4BA181278C6}.Debug|Any CPU.ActiveCfg = Debug|Any CPU
		{8AD3164B-8414-4C39-95C7-E4BA181278C6}.Debug|Any CPU.Build.0 = Debug|Any CPU
		{8AD3164B-8414-4C39-95C7-E4BA181278C6}.Release|Any CPU.ActiveCfg = Release|Any CPU
		{8AD3164B-8414-4C39-95C7-E4BA181278C6}.Release|Any CPU.Build.0 = Release|Any CPU
	EndGlobalSection
	GlobalSection(SolutionProperties) = preSolution
		HideSolutionNode = FALSE
	EndGlobalSection
	GlobalSection(NestedProjects) = preSolution
		{FDEACC57-A2D9-4F2B-A2F2-CA90983944E9} = {02EA681E-C7D8-13C7-8484-4AC65E1B71E8}
		{02261E0D-0FA8-4BF8-A0E7-434A789803EB} = {FDEACC57-A2D9-4F2B-A2F2-CA90983944E9}
		{BF7A64CD-2FB2-4298-AF7A-43A4EEACF2F0} = {02EA681E-C7D8-13C7-8484-4AC65E1B71E8}
		{78806233-18F7-4532-B052-2CB1122929E8} = {BF7A64CD-2FB2-4298-AF7A-43A4EEACF2F0}
		{60BA54E4-A6AE-476F-BAC7-A1AC8BE38DE5} = {02EA681E-C7D8-13C7-8484-4AC65E1B71E8}
		{82243DA7-A834-43F7-891C-D76FACAE15D9} = {60BA54E4-A6AE-476F-BAC7-A1AC8BE38DE5}
		{EF7564EF-DD27-4E42-8FC5-CE5042810DB8} = {02EA681E-C7D8-13C7-8484-4AC65E1B71E8}
		{8AD3164B-8414-4C39-95C7-E4BA181278C6} = {EF7564EF-DD27-4E42-8FC5-CE5042810DB8}
	EndGlobalSection
	GlobalSection(ExtensibilityGlobals) = postSolution
		SolutionGuid = {435260D8-B5E8-47DA-AD71-46C7F8491B00}
	EndGlobalSection
EndGlobal
